
Microsoft Visual Studio Solution File, Format Version 12.00
# Visual Studio Version 17
VisualStudioVersion = 17.3.32929.385
MinimumVisualStudioVersion = 10.0.40219.1
Project("{FAE04EC0-301F-11D3-BF4B-00C04F79EFBC}") = "sajatnev", "sajatnev\sajatnev.csproj", "{22D84658-6837-41B9-AED1-057A18D52EBA}"
EndProject
Project("{FAE04EC0-301F-11D3-BF4B-00C04F79EFBC}") = "sajatnevGUI", "sajatnevGUI\sajatnevGUI.csproj", "{E80B3B5D-4B42-4406-9DF1-8B6811CA35AD}"
EndProject
Global
	GlobalSection(SolutionConfigurationPlatforms) = preSolution
		Debug|Any CPU = Debug|Any CPU
		Release|Any CPU = Release|Any CPU
	EndGlobalSection
	GlobalSection(ProjectConfigurationPlatforms) = postSolution
		{22D84658-6837-41B9-AED1-057A18D52EBA}.Debug|Any CPU.ActiveCfg = Debug|Any CPU
		{22D84658-6837-41B9-AED1-057A18D52EBA}.Debug|Any CPU.Build.0 = Debug|Any CPU
		{22D84658-6837-41B9-AED1-057A18D52EBA}.Release|Any CPU.ActiveCfg = Release|Any CPU
		{22D84658-6837-41B9-AED1-057A18D52EBA}.Release|Any CPU.Build.0 = Release|Any CPU
		{E80B3B5D-4B42-4406-9DF1-8B6811CA35AD}.Debug|Any CPU.ActiveCfg = Debug|Any CPU
		{E80B3B5D-4B42-4406-9DF1-8B6811CA35AD}.Debug|Any CPU.Build.0 = Debug|Any CPU
		{E80B3B5D-4B42-4406-9DF1-8B6811CA35AD}.Release|Any CPU.ActiveCfg = Release|Any CPU
		{E80B3B5D-4B42-4406-9DF1-8B6811CA35AD}.Release|Any CPU.Build.0 = Release|Any CPU
	EndGlobalSection
	GlobalSection(SolutionProperties) = preSolution
		HideSolutionNode = FALSE
	EndGlobalSection
	GlobalSection(ExtensibilityGlobals) = postSolution
		SolutionGuid = {9C98C639-6D7C-435C-A6AB-9F475560BEFF}
	EndGlobalSection
EndGlobal
